
Microsoft Visual Studio Solution File, Format Version 12.00
# Visual Studio 15
VisualStudioVersion = 15.0.27703.2035
MinimumVisualStudioVersion = 10.0.40219.1
Project("{FAE04EC0-301F-11D3-BF4B-00C04F79EFBC}") = "TrabajoPracticoTED", "TrabajoPracticoTED\TrabajoPracticoTED.csproj", "{3950FE1A-A4AB-4E65-8BE7-EF93774ACE31}"
EndProject
Project("{FAE04EC0-301F-11D3-BF4B-00C04F79EFBC}") = "Gestor", "Gestor\Gestor.csproj", "{9CD03D30-C78A-4691-A162-FE11A7A3ABD5}"
EndProject
Global
	GlobalSection(SolutionConfigurationPlatforms) = preSolution
		Debug|Any CPU = Debug|Any CPU
		Release|Any CPU = Release|Any CPU
	EndGlobalSection
	GlobalSection(ProjectConfigurationPlatforms) = postSolution
		{3950FE1A-A4AB-4E65-8BE7-EF93774ACE31}.Debug|Any CPU.ActiveCfg = Debug|Any CPU
		{3950FE1A-A4AB-4E65-8BE7-EF93774ACE31}.Debug|Any CPU.Build.0 = Debug|Any CPU
		{3950FE1A-A4AB-4E65-8BE7-EF93774ACE31}.Release|Any CPU.ActiveCfg = Release|Any CPU
		{3950FE1A-A4AB-4E65-8BE7-EF93774ACE31}.Release|Any CPU.Build.0 = Release|Any CPU
		{9CD03D30-C78A-4691-A162-FE11A7A3ABD5}.Debug|Any CPU.ActiveCfg = Debug|Any CPU
		{9CD03D30-C78A-4691-A162-FE11A7A3ABD5}.Debug|Any CPU.Build.0 = Debug|Any CPU
		{9CD03D30-C78A-4691-A162-FE11A7A3ABD5}.Release|Any CPU.ActiveCfg = Release|Any CPU
		{9CD03D30-C78A-4691-A162-FE11A7A3ABD5}.Release|Any CPU.Build.0 = Release|Any CPU
	EndGlobalSection
	GlobalSection(SolutionProperties) = preSolution
		HideSolutionNode = FALSE
	EndGlobalSection
	GlobalSection(ExtensibilityGlobals) = postSolution
		SolutionGuid = {00CB3DA1-1DEE-4FBF-86B9-91788724994E}
	EndGlobalSection
EndGlobal
